
Microsoft Visual Studio Solution File, Format Version 12.00
# Visual Studio Version 17
VisualStudioVersion = 17.14.36414.22 d17.14
MinimumVisualStudioVersion = 10.0.40219.1
Project("{FAE04EC0-301F-11D3-BF4B-00C04F79EFBC}") = "Entidades", "Entidades\Entidades.csproj", "{85AB80FD-909B-46B0-9CD3-8AF59F58E640}"
EndProject
Global
	GlobalSection(SolutionConfigurationPlatforms) = preSolution
		Debug|Any CPU = Debug|Any CPU
		Release|Any CPU = Release|Any CPU
	EndGlobalSection
	GlobalSection(ProjectConfigurationPlatforms) = postSolution
		{85AB80FD-909B-46B0-9CD3-8AF59F58E640}.Debug|Any CPU.ActiveCfg = Debug|Any CPU
		{85AB80FD-909B-46B0-9CD3-8AF59F58E640}.Debug|Any CPU.Build.0 = Debug|Any CPU
		{85AB80FD-909B-46B0-9CD3-8AF59F58E640}.Release|Any CPU.ActiveCfg = Release|Any CPU
		{85AB80FD-909B-46B0-9CD3-8AF59F58E640}.Release|Any CPU.Build.0 = Release|Any CPU
	EndGlobalSection
	GlobalSection(SolutionProperties) = preSolution
		HideSolutionNode = FALSE
	EndGlobalSection
	GlobalSection(ExtensibilityGlobals) = postSolution
		SolutionGuid = {36E60744-BD26-468E-8A1B-2BDF55D2432C}
	EndGlobalSection
EndGlobal
